// !$*UTF8*$!
{
	archiveVersion = 1;
	classes = {
	};
	objectVersion = 55;
	objects = {

/* Begin PBXBuildFile section */
		846D61D12A4EEDC000872AA1 /* ChatViewController.swift in Sources */ = {isa = PBXBuildFile; fileRef = 846D61D02A4EEDC000872AA1 /* ChatViewController.swift */; };
		8473BE732A606B3700E31B16 /* NewConversationCell.swift in Sources */ = {isa = PBXBuildFile; fileRef = 8473BE722A606B3700E31B16 /* NewConversationCell.swift */; };
		8492ECA02A46E5B700DF7E07 /* AppDelegate.swift in Sources */ = {isa = PBXBuildFile; fileRef = 8492EC9F2A46E5B700DF7E07 /* AppDelegate.swift */; };
		8492ECA22A46E5B700DF7E07 /* SceneDelegate.swift in Sources */ = {isa = PBXBuildFile; fileRef = 8492ECA12A46E5B700DF7E07 /* SceneDelegate.swift */; };
		8492ECA42A46E5B700DF7E07 /* ConversationsViewController.swift in Sources */ = {isa = PBXBuildFile; fileRef = 8492ECA32A46E5B700DF7E07 /* ConversationsViewController.swift */; };
		8492ECA72A46E5B700DF7E07 /* Main.storyboard in Resources */ = {isa = PBXBuildFile; fileRef = 8492ECA52A46E5B700DF7E07 /* Main.storyboard */; };
		8492ECA92A46E5BF00DF7E07 /* Assets.xcassets in Resources */ = {isa = PBXBuildFile; fileRef = 8492ECA82A46E5BF00DF7E07 /* Assets.xcassets */; };
		8492ECAC2A46E5BF00DF7E07 /* LaunchScreen.storyboard in Resources */ = {isa = PBXBuildFile; fileRef = 8492ECAA2A46E5BF00DF7E07 /* LaunchScreen.storyboard */; };
		8492ECBA2A46EC8300DF7E07 /* LoginViewController.swift in Sources */ = {isa = PBXBuildFile; fileRef = 8492ECB92A46EC8300DF7E07 /* LoginViewController.swift */; };
		8492ECBC2A46ECA300DF7E07 /* RegisterViewController.swift in Sources */ = {isa = PBXBuildFile; fileRef = 8492ECBB2A46ECA300DF7E07 /* RegisterViewController.swift */; };
		8492ECBE2A46ECD600DF7E07 /* PhotoViewerViewController.swift in Sources */ = {isa = PBXBuildFile; fileRef = 8492ECBD2A46ECD600DF7E07 /* PhotoViewerViewController.swift */; };
		8492ECC02A46ECF100DF7E07 /* VideoPlayerViewController.swift in Sources */ = {isa = PBXBuildFile; fileRef = 8492ECBF2A46ECF100DF7E07 /* VideoPlayerViewController.swift */; };
		8492ECC22A46ED3700DF7E07 /* NewConversationViewController.swift in Sources */ = {isa = PBXBuildFile; fileRef = 8492ECC12A46ED3700DF7E07 /* NewConversationViewController.swift */; };
		8492ECC42A46ED6000DF7E07 /* ProfileViewController.swift in Sources */ = {isa = PBXBuildFile; fileRef = 8492ECC32A46ED6000DF7E07 /* ProfileViewController.swift */; };
		8492ECC72A47022900DF7E07 /* Extensions.swift in Sources */ = {isa = PBXBuildFile; fileRef = 8492ECC62A47022900DF7E07 /* Extensions.swift */; };
		849F57B82A58300F00ED181A /* ConversationTableViewCell.swift in Sources */ = {isa = PBXBuildFile; fileRef = 849F57B72A58300E00ED181A /* ConversationTableViewCell.swift */; };
		84A5AABA2A52DC23001948AB /* StorageManager.swift in Sources */ = {isa = PBXBuildFile; fileRef = 84A5AAB92A52DC23001948AB /* StorageManager.swift */; };
		84B4525C2A49DFAB0035A2DC /* GoogleService-Info.plist in Resources */ = {isa = PBXBuildFile; fileRef = 84B4525B2A49DFAB0035A2DC /* GoogleService-Info.plist */; };
		84B4525E2A4AE9D70035A2DC /* DatabaseManager.swift in Sources */ = {isa = PBXBuildFile; fileRef = 84B4525D2A4AE9D60035A2DC /* DatabaseManager.swift */; };
		84C1CFFC2A65434F00101551 /* LocationPickerViewController.swift in Sources */ = {isa = PBXBuildFile; fileRef = 84C1CFFB2A65434F00101551 /* LocationPickerViewController.swift */; };
		893892509858E7E3C82A7B47 /* Pods_ChatApp.framework in Frameworks */ = {isa = PBXBuildFile; fileRef = 3608BF0D788CA4B127493E1C /* Pods_ChatApp.framework */; };
/* End PBXBuildFile section */

/* Begin PBXFileReference section */
		2394B3D7D17E538A1E690293 /* Pods-ChatApp.debug.xcconfig */ = {isa = PBXFileReference; includeInIndex = 1; lastKnownFileType = text.xcconfig; name = "Pods-ChatApp.debug.xcconfig"; path = "Target Support Files/Pods-ChatApp/Pods-ChatApp.debug.xcconfig"; sourceTree = "<group>"; };
		3608BF0D788CA4B127493E1C /* Pods_ChatApp.framework */ = {isa = PBXFileReference; explicitFileType = wrapper.framework; includeInIndex = 0; path = Pods_ChatApp.framework; sourceTree = BUILT_PRODUCTS_DIR; };
		846D61D02A4EEDC000872AA1 /* ChatViewController.swift */ = {isa = PBXFileReference; lastKnownFileType = sourcecode.swift; path = ChatViewController.swift; sourceTree = "<group>"; };
		8473BE722A606B3700E31B16 /* NewConversationCell.swift */ = {isa = PBXFileReference; lastKnownFileType = sourcecode.swift; path = NewConversationCell.swift; sourceTree = "<group>"; };
		8492EC9C2A46E5B700DF7E07 /* ChatApp.app */ = {isa = PBXFileReference; explicitFileType = wrapper.application; includeInIndex = 0; path = ChatApp.app; sourceTree = BUILT_PRODUCTS_DIR; };
		8492EC9F2A46E5B700DF7E07 /* AppDelegate.swift */ = {isa = PBXFileReference; lastKnownFileType = sourcecode.swift; path = AppDelegate.swift; sourceTree = "<group>"; };
		8492ECA12A46E5B700DF7E07 /* SceneDelegate.swift */ = {isa = PBXFileReference; lastKnownFileType = sourcecode.swift; path = SceneDelegate.swift; sourceTree = "<group>"; };
		8492ECA32A46E5B700DF7E07 /* ConversationsViewController.swift */ = {isa = PBXFileReference; lastKnownFileType = sourcecode.swift; path = ConversationsViewController.swift; sourceTree = "<group>"; };
		8492ECA62A46E5B700DF7E07 /* Base */ = {isa = PBXFileReference; lastKnownFileType = file.storyboard; name = Base; path = Base.lproj/Main.storyboard; sourceTree = "<group>"; };
		8492ECA82A46E5BF00DF7E07 /* Assets.xcassets */ = {isa = PBXFileReference; lastKnownFileType = folder.assetcatalog; path = Assets.xcassets; sourceTree = "<group>"; };
		8492ECAB2A46E5BF00DF7E07 /* Base */ = {isa = PBXFileReference; lastKnownFileType = file.storyboard; name = Base; path = Base.lproj/LaunchScreen.storyboard; sourceTree = "<group>"; };
		8492ECAD2A46E5BF00DF7E07 /* Info.plist */ = {isa = PBXFileReference; lastKnownFileType = text.plist.xml; path = Info.plist; sourceTree = "<group>"; };
		8492ECB92A46EC8300DF7E07 /* LoginViewController.swift */ = {isa = PBXFileReference; lastKnownFileType = sourcecode.swift; path = LoginViewController.swift; sourceTree = "<group>"; };
		8492ECBB2A46ECA300DF7E07 /* RegisterViewController.swift */ = {isa = PBXFileReference; lastKnownFileType = sourcecode.swift; path = RegisterViewController.swift; sourceTree = "<group>"; };
		8492ECBD2A46ECD600DF7E07 /* PhotoViewerViewController.swift */ = {isa = PBXFileReference; lastKnownFileType = sourcecode.swift; path = PhotoViewerViewController.swift; sourceTree = "<group>"; };
		8492ECBF2A46ECF100DF7E07 /* VideoPlayerViewController.swift */ = {isa = PBXFileReference; lastKnownFileType = sourcecode.swift; path = VideoPlayerViewController.swift; sourceTree = "<group>"; };
		8492ECC12A46ED3700DF7E07 /* NewConversationViewController.swift */ = {isa = PBXFileReference; lastKnownFileType = sourcecode.swift; path = NewConversationViewController.swift; sourceTree = "<group>"; };
		8492ECC32A46ED6000DF7E07 /* ProfileViewController.swift */ = {isa = PBXFileReference; lastKnownFileType = sourcecode.swift; path = ProfileViewController.swift; sourceTree = "<group>"; };
		8492ECC62A47022900DF7E07 /* Extensions.swift */ = {isa = PBXFileReference; lastKnownFileType = sourcecode.swift; path = Extensions.swift; sourceTree = "<group>"; };
		849F57B72A58300E00ED181A /* ConversationTableViewCell.swift */ = {isa = PBXFileReference; lastKnownFileType = sourcecode.swift; path = ConversationTableViewCell.swift; sourceTree = "<group>"; };
		84A5AAB92A52DC23001948AB /* StorageManager.swift */ = {isa = PBXFileReference; lastKnownFileType = sourcecode.swift; path = StorageManager.swift; sourceTree = "<group>"; };
		84B4525B2A49DFAB0035A2DC /* GoogleService-Info.plist */ = {isa = PBXFileReference; fileEncoding = 4; lastKnownFileType = text.plist.xml; path = "GoogleService-Info.plist"; sourceTree = "<group>"; };
		84B4525D2A4AE9D60035A2DC /* DatabaseManager.swift */ = {isa = PBXFileReference; lastKnownFileType = sourcecode.swift; path = DatabaseManager.swift; sourceTree = "<group>"; };
		84C1CFFB2A65434F00101551 /* LocationPickerViewController.swift */ = {isa = PBXFileReference; lastKnownFileType = sourcecode.swift; path = LocationPickerViewController.swift; sourceTree = "<group>"; };
		D8652260FAE692390FF69311 /* Pods-ChatApp.release.xcconfig */ = {isa = PBXFileReference; includeInIndex = 1; lastKnownFileType = text.xcconfig; name = "Pods-ChatApp.release.xcconfig"; path = "Target Support Files/Pods-ChatApp/Pods-ChatApp.release.xcconfig"; sourceTree = "<group>"; };
/* End PBXFileReference section */

/* Begin PBXFrameworksBuildPhase section */
		8492EC992A46E5B700DF7E07 /* Frameworks */ = {
			isa = PBXFrameworksBuildPhase;
			buildActionMask = 2147483647;
			files = (
				893892509858E7E3C82A7B47 /* Pods_ChatApp.framework in Frameworks */,
			);
			runOnlyForDeploymentPostprocessing = 0;
		};
/* End PBXFrameworksBuildPhase section */

/* Begin PBXGroup section */
		8176F696FAF74A1997FBAA02 /* Frameworks */ = {
			isa = PBXGroup;
			children = (
				3608BF0D788CA4B127493E1C /* Pods_ChatApp.framework */,
			);
			name = Frameworks;
			sourceTree = "<group>";
		};
		8492EC932A46E5B700DF7E07 = {
			isa = PBXGroup;
			children = (
				8492EC9E2A46E5B700DF7E07 /* ChatApp */,
				8492EC9D2A46E5B700DF7E07 /* Products */,
				9AFD1D7287B118740EFB51BD /* Pods */,
				8176F696FAF74A1997FBAA02 /* Frameworks */,
			);
			sourceTree = "<group>";
		};
		8492EC9D2A46E5B700DF7E07 /* Products */ = {
			isa = PBXGroup;
			children = (
				8492EC9C2A46E5B700DF7E07 /* ChatApp.app */,
			);
			name = Products;
			sourceTree = "<group>";
		};
		8492EC9E2A46E5B700DF7E07 /* ChatApp */ = {
			isa = PBXGroup;
			children = (
				84B4525B2A49DFAB0035A2DC /* GoogleService-Info.plist */,
				8492ECB72A46E80E00DF7E07 /* Resources */,
				8492ECB62A46E7F900DF7E07 /* ViewModels */,
				8492ECB52A46E7E300DF7E07 /* Models */,
				8492ECB42A46E7DC00DF7E07 /* Views */,
				8492ECB32A46E7C600DF7E07 /* Controllers */,
				8492ECAD2A46E5BF00DF7E07 /* Info.plist */,
			);
			path = ChatApp;
			sourceTree = "<group>";
		};
		8492ECB32A46E7C600DF7E07 /* Controllers */ = {
			isa = PBXGroup;
			children = (
				8492ECC52A46F2B300DF7E07 /* Login */,
				8492ECA32A46E5B700DF7E07 /* ConversationsViewController.swift */,
				8492ECBD2A46ECD600DF7E07 /* PhotoViewerViewController.swift */,
				8492ECBF2A46ECF100DF7E07 /* VideoPlayerViewController.swift */,
				8492ECC12A46ED3700DF7E07 /* NewConversationViewController.swift */,
				8492ECC32A46ED6000DF7E07 /* ProfileViewController.swift */,
				846D61D02A4EEDC000872AA1 /* ChatViewController.swift */,
				84C1CFFB2A65434F00101551 /* LocationPickerViewController.swift */,
			);
			path = Controllers;
			sourceTree = "<group>";
		};
		8492ECB42A46E7DC00DF7E07 /* Views */ = {
			isa = PBXGroup;
			children = (
				8492ECB82A46EAF600DF7E07 /* Storyboards */,
				8492ECA82A46E5BF00DF7E07 /* Assets.xcassets */,
				849F57B72A58300E00ED181A /* ConversationTableViewCell.swift */,
				8473BE722A606B3700E31B16 /* NewConversationCell.swift */,
			);
			path = Views;
			sourceTree = "<group>";
		};
		8492ECB52A46E7E300DF7E07 /* Models */ = {
			isa = PBXGroup;
			children = (
			);
			path = Models;
			sourceTree = "<group>";
		};
		8492ECB62A46E7F900DF7E07 /* ViewModels */ = {
			isa = PBXGroup;
			children = (
			);
			path = ViewModels;
			sourceTree = "<group>";
		};
		8492ECB72A46E80E00DF7E07 /* Resources */ = {
			isa = PBXGroup;
			children = (
				8492EC9F2A46E5B700DF7E07 /* AppDelegate.swift */,
				8492ECA12A46E5B700DF7E07 /* SceneDelegate.swift */,
				8492ECC62A47022900DF7E07 /* Extensions.swift */,
				84B4525D2A4AE9D60035A2DC /* DatabaseManager.swift */,
				84A5AAB92A52DC23001948AB /* StorageManager.swift */,
			);
			path = Resources;
			sourceTree = "<group>";
		};
		8492ECB82A46EAF600DF7E07 /* Storyboards */ = {
			isa = PBXGroup;
			children = (
				8492ECA52A46E5B700DF7E07 /* Main.storyboard */,
				8492ECAA2A46E5BF00DF7E07 /* LaunchScreen.storyboard */,
			);
			path = Storyboards;
			sourceTree = "<group>";
		};
		8492ECC52A46F2B300DF7E07 /* Login */ = {
			isa = PBXGroup;
			children = (
				8492ECB92A46EC8300DF7E07 /* LoginViewController.swift */,
				8492ECBB2A46ECA300DF7E07 /* RegisterViewController.swift */,
			);
			path = Login;
			sourceTree = "<group>";
		};
		9AFD1D7287B118740EFB51BD /* Pods */ = {
			isa = PBXGroup;
			children = (
				2394B3D7D17E538A1E690293 /* Pods-ChatApp.debug.xcconfig */,
				D8652260FAE692390FF69311 /* Pods-ChatApp.release.xcconfig */,
			);
			path = Pods;
			sourceTree = "<group>";
		};
/* End PBXGroup section */

/* Begin PBXNativeTarget section */
		8492EC9B2A46E5B700DF7E07 /* ChatApp */ = {
			isa = PBXNativeTarget;
			buildConfigurationList = 8492ECB02A46E5BF00DF7E07 /* Build configuration list for PBXNativeTarget "ChatApp" */;
			buildPhases = (
				F58AB4A48A2DAF9D0217202A /* [CP] Check Pods Manifest.lock */,
				8492EC982A46E5B700DF7E07 /* Sources */,
				8492EC992A46E5B700DF7E07 /* Frameworks */,
				8492EC9A2A46E5B700DF7E07 /* Resources */,
				EAF3FE46631173DAE4B9DAB8 /* [CP] Embed Pods Frameworks */,
			);
			buildRules = (
			);
			dependencies = (
			);
			name = ChatApp;
			productName = ChatApp;
			productReference = 8492EC9C2A46E5B700DF7E07 /* ChatApp.app */;
			productType = "com.apple.product-type.application";
		};
/* End PBXNativeTarget section */

/* Begin PBXProject section */
		8492EC942A46E5B700DF7E07 /* Project object */ = {
			isa = PBXProject;
			attributes = {
				BuildIndependentTargetsInParallel = 1;
				LastSwiftUpdateCheck = 1320;
				LastUpgradeCheck = 1320;
				TargetAttributes = {
					8492EC9B2A46E5B700DF7E07 = {
						CreatedOnToolsVersion = 13.2.1;
					};
				};
			};
			buildConfigurationList = 8492EC972A46E5B700DF7E07 /* Build configuration list for PBXProject "ChatApp" */;
			compatibilityVersion = "Xcode 13.0";
			developmentRegion = en;
			hasScannedForEncodings = 0;
			knownRegions = (
				en,
				Base,
			);
			mainGroup = 8492EC932A46E5B700DF7E07;
			productRefGroup = 8492EC9D2A46E5B700DF7E07 /* Products */;
			projectDirPath = "";
			projectRoot = "";
			targets = (
				8492EC9B2A46E5B700DF7E07 /* ChatApp */,
			);
		};
/* End PBXProject section */

/* Begin PBXResourcesBuildPhase section */
		8492EC9A2A46E5B700DF7E07 /* Resources */ = {
			isa = PBXResourcesBuildPhase;
			buildActionMask = 2147483647;
			files = (
				8492ECAC2A46E5BF00DF7E07 /* LaunchScreen.storyboard in Resources */,
				8492ECA92A46E5BF00DF7E07 /* Assets.xcassets in Resources */,
				84B4525C2A49DFAB0035A2DC /* GoogleService-Info.plist in Resources */,
				8492ECA72A46E5B700DF7E07 /* Main.storyboard in Resources */,
			);
			runOnlyForDeploymentPostprocessing = 0;
		};
/* End PBXResourcesBuildPhase section */

/* Begin PBXShellScriptBuildPhase section */
		EAF3FE46631173DAE4B9DAB8 /* [CP] Embed Pods Frameworks */ = {
			isa = PBXShellScriptBuildPhase;
			buildActionMask = 2147483647;
			files = (
			);
			inputFileListPaths = (
				"${PODS_ROOT}/Target Support Files/Pods-ChatApp/Pods-ChatApp-frameworks-${CONFIGURATION}-input-files.xcfilelist",
			);
			name = "[CP] Embed Pods Frameworks";
			outputFileListPaths = (
				"${PODS_ROOT}/Target Support Files/Pods-ChatApp/Pods-ChatApp-frameworks-${CONFIGURATION}-output-files.xcfilelist",
			);
			runOnlyForDeploymentPostprocessing = 0;
			shellPath = /bin/sh;
			shellScript = "\"${PODS_ROOT}/Target Support Files/Pods-ChatApp/Pods-ChatApp-frameworks.sh\"\n";
			showEnvVarsInLog = 0;
		};
		F58AB4A48A2DAF9D0217202A /* [CP] Check Pods Manifest.lock */ = {
			isa = PBXShellScriptBuildPhase;
			buildActionMask = 2147483647;
			files = (
			);
			inputFileListPaths = (
			);
			inputPaths = (
				"${PODS_PODFILE_DIR_PATH}/Podfile.lock",
				"${PODS_ROOT}/Manifest.lock",
			);
			name = "[CP] Check Pods Manifest.lock";
			outputFileListPaths = (
			);
			outputPaths = (
				"$(DERIVED_FILE_DIR)/Pods-ChatApp-checkManifestLockResult.txt",
			);
			runOnlyForDeploymentPostprocessing = 0;
			shellPath = /bin/sh;
			shellScript = "diff \"${PODS_PODFILE_DIR_PATH}/Podfile.lock\" \"${PODS_ROOT}/Manifest.lock\" > /dev/null\nif [ $? != 0 ] ; then\n    # print error to STDERR\n    echo \"error: The sandbox is not in sync with the Podfile.lock. Run 'pod install' or update your CocoaPods installation.\" >&2\n    exit 1\nfi\n# This output is used by Xcode 'outputs' to avoid re-running this script phase.\necho \"SUCCESS\" > \"${SCRIPT_OUTPUT_FILE_0}\"\n";
			showEnvVarsInLog = 0;
		};
/* End PBXShellScriptBuildPhase section */

/* Begin PBXSourcesBuildPhase section */
		8492EC982A46E5B700DF7E07 /* Sources */ = {
			isa = PBXSourcesBuildPhase;
			buildActionMask = 2147483647;
			files = (
				8492ECBA2A46EC8300DF7E07 /* LoginViewController.swift in Sources */,
				8473BE732A606B3700E31B16 /* NewConversationCell.swift in Sources */,
				84B4525E2A4AE9D70035A2DC /* DatabaseManager.swift in Sources */,
				8492ECBC2A46ECA300DF7E07 /* RegisterViewController.swift in Sources */,
				8492ECC22A46ED3700DF7E07 /* NewConversationViewController.swift in Sources */,
				8492ECA42A46E5B700DF7E07 /* ConversationsViewController.swift in Sources */,
				8492ECC02A46ECF100DF7E07 /* VideoPlayerViewController.swift in Sources */,
				8492ECC72A47022900DF7E07 /* Extensions.swift in Sources */,
				8492ECA02A46E5B700DF7E07 /* AppDelegate.swift in Sources */,
				8492ECC42A46ED6000DF7E07 /* ProfileViewController.swift in Sources */,
				8492ECA22A46E5B700DF7E07 /* SceneDelegate.swift in Sources */,
				849F57B82A58300F00ED181A /* ConversationTableViewCell.swift in Sources */,
				846D61D12A4EEDC000872AA1 /* ChatViewController.swift in Sources */,
				8492ECBE2A46ECD600DF7E07 /* PhotoViewerViewController.swift in Sources */,
				84A5AABA2A52DC23001948AB /* StorageManager.swift in Sources */,
				84C1CFFC2A65434F00101551 /* LocationPickerViewController.swift in Sources */,
			);
			runOnlyForDeploymentPostprocessing = 0;
		};
/* End PBXSourcesBuildPhase section */

/* Begin PBXVariantGroup section */
		8492ECA52A46E5B700DF7E07 /* Main.storyboard */ = {
			isa = PBXVariantGroup;
			children = (
				8492ECA62A46E5B700DF7E07 /* Base */,
			);
			name = Main.storyboard;
			sourceTree = "<group>";
		};
		8492ECAA2A46E5BF00DF7E07 /* LaunchScreen.storyboard */ = {
			isa = PBXVariantGroup;
			children = (
				8492ECAB2A46E5BF00DF7E07 /* Base */,
			);
			name = LaunchScreen.storyboard;
			sourceTree = "<group>";
		};
/* End PBXVariantGroup section */

/* Begin XCBuildConfiguration section */
		8492ECAE2A46E5BF00DF7E07 /* Debug */ = {
			isa = XCBuildConfiguration;
			buildSettings = {
				ALWAYS_SEARCH_USER_PATHS = NO;
				CLANG_ANALYZER_NONNULL = YES;
				CLANG_ANALYZER_NUMBER_OBJECT_CONVERSION = YES_AGGRESSIVE;
				CLANG_CXX_LANGUAGE_STANDARD = "gnu++17";
				CLANG_CXX_LIBRARY = "libc++";
				CLANG_ENABLE_MODULES = YES;
				CLANG_ENABLE_OBJC_ARC = YES;
				CLANG_ENABLE_OBJC_WEAK = YES;
				CLANG_WARN_BLOCK_CAPTURE_AUTORELEASING = YES;
				CLANG_WARN_BOOL_CONVERSION = YES;
				CLANG_WARN_COMMA = YES;
				CLANG_WARN_CONSTANT_CONVERSION = YES;
				CLANG_WARN_DEPRECATED_OBJC_IMPLEMENTATIONS = YES;
				CLANG_WARN_DIRECT_OBJC_ISA_USAGE = YES_ERROR;
				CLANG_WARN_DOCUMENTATION_COMMENTS = YES;
				CLANG_WARN_EMPTY_BODY = YES;
				CLANG_WARN_ENUM_CONVERSION = YES;
				CLANG_WARN_INFINITE_RECURSION = YES;
				CLANG_WARN_INT_CONVERSION = YES;
				CLANG_WARN_NON_LITERAL_NULL_CONVERSION = YES;
				CLANG_WARN_OBJC_IMPLICIT_RETAIN_SELF = YES;
				CLANG_WARN_OBJC_LITERAL_CONVERSION = YES;
				CLANG_WARN_OBJC_ROOT_CLASS = YES_ERROR;
				CLANG_WARN_QUOTED_INCLUDE_IN_FRAMEWORK_HEADER = YES;
				CLANG_WARN_RANGE_LOOP_ANALYSIS = YES;
				CLANG_WARN_STRICT_PROTOTYPES = YES;
				CLANG_WARN_SUSPICIOUS_MOVE = YES;
				CLANG_WARN_UNGUARDED_AVAILABILITY = YES_AGGRESSIVE;
				CLANG_WARN_UNREACHABLE_CODE = YES;
				CLANG_WARN__DUPLICATE_METHOD_MATCH = YES;
				COPY_PHASE_STRIP = NO;
				DEBUG_INFORMATION_FORMAT = dwarf;
				ENABLE_STRICT_OBJC_MSGSEND = YES;
				ENABLE_TESTABILITY = YES;
				GCC_C_LANGUAGE_STANDARD = gnu11;
				GCC_DYNAMIC_NO_PIC = NO;
				GCC_NO_COMMON_BLOCKS = YES;
				GCC_OPTIMIZATION_LEVEL = 0;
				GCC_PREPROCESSOR_DEFINITIONS = (
					"DEBUG=1",
					"$(inherited)",
				);
				GCC_WARN_64_TO_32_BIT_CONVERSION = YES;
				GCC_WARN_ABOUT_RETURN_TYPE = YES_ERROR;
				GCC_WARN_UNDECLARED_SELECTOR = YES;
				GCC_WARN_UNINITIALIZED_AUTOS = YES_AGGRESSIVE;
				GCC_WARN_UNUSED_FUNCTION = YES;
				GCC_WARN_UNUSED_VARIABLE = YES;
				IPHONEOS_DEPLOYMENT_TARGET = 15.2;
				MTL_ENABLE_DEBUG_INFO = INCLUDE_SOURCE;
				MTL_FAST_MATH = YES;
				ONLY_ACTIVE_ARCH = YES;
				SDKROOT = iphoneos;
				SWIFT_ACTIVE_COMPILATION_CONDITIONS = DEBUG;
				SWIFT_OPTIMIZATION_LEVEL = "-Onone";
			};
			name = Debug;
		};
		8492ECAF2A46E5BF00DF7E07 /* Release */ = {
			isa = XCBuildConfiguration;
			buildSettings = {
				ALWAYS_SEARCH_USER_PATHS = NO;
				CLANG_ANALYZER_NONNULL = YES;
				CLANG_ANALYZER_NUMBER_OBJECT_CONVERSION = YES_AGGRESSIVE;
				CLANG_CXX_LANGUAGE_STANDARD = "gnu++17";
				CLANG_CXX_LIBRARY = "libc++";
				CLANG_ENABLE_MODULES = YES;
				CLANG_ENABLE_OBJC_ARC = YES;
				CLANG_ENABLE_OBJC_WEAK = YES;
				CLANG_WARN_BLOCK_CAPTURE_AUTORELEASING = YES;
				CLANG_WARN_BOOL_CONVERSION = YES;
				CLANG_WARN_COMMA = YES;
				CLANG_WARN_CONSTANT_CONVERSION = YES;
				CLANG_WARN_DEPRECATED_OBJC_IMPLEMENTATIONS = YES;
				CLANG_WARN_DIRECT_OBJC_ISA_USAGE = YES_ERROR;
				CLANG_WARN_DOCUMENTATION_COMMENTS = YES;
				CLANG_WARN_EMPTY_BODY = YES;
				CLANG_WARN_ENUM_CONVERSION = YES;
				CLANG_WARN_INFINITE_RECURSION = YES;
				CLANG_WARN_INT_CONVERSION = YES;
				CLANG_WARN_NON_LITERAL_NULL_CONVERSION = YES;
				CLANG_WARN_OBJC_IMPLICIT_RETAIN_SELF = YES;
				CLANG_WARN_OBJC_LITERAL_CONVERSION = YES;
				CLANG_WARN_OBJC_ROOT_CLASS = YES_ERROR;
				CLANG_WARN_QUOTED_INCLUDE_IN_FRAMEWORK_HEADER = YES;
				CLANG_WARN_RANGE_LOOP_ANALYSIS = YES;
				CLANG_WARN_STRICT_PROTOTYPES = YES;
				CLANG_WARN_SUSPICIOUS_MOVE = YES;
				CLANG_WARN_UNGUARDED_AVAILABILITY = YES_AGGRESSIVE;
				CLANG_WARN_UNREACHABLE_CODE = YES;
				CLANG_WARN__DUPLICATE_METHOD_MATCH = YES;
				COPY_PHASE_STRIP = NO;
				DEBUG_INFORMATION_FORMAT = "dwarf-with-dsym";
				ENABLE_NS_ASSERTIONS = NO;
				ENABLE_STRICT_OBJC_MSGSEND = YES;
				GCC_C_LANGUAGE_STANDARD = gnu11;
				GCC_NO_COMMON_BLOCKS = YES;
				GCC_WARN_64_TO_32_BIT_CONVERSION = YES;
				GCC_WARN_ABOUT_RETURN_TYPE = YES_ERROR;
				GCC_WARN_UNDECLARED_SELECTOR = YES;
				GCC_WARN_UNINITIALIZED_AUTOS = YES_AGGRESSIVE;
				GCC_WARN_UNUSED_FUNCTION = YES;
				GCC_WARN_UNUSED_VARIABLE = YES;
				IPHONEOS_DEPLOYMENT_TARGET = 15.2;
				MTL_ENABLE_DEBUG_INFO = NO;
				MTL_FAST_MATH = YES;
				SDKROOT = iphoneos;
				SWIFT_COMPILATION_MODE = wholemodule;
				SWIFT_OPTIMIZATION_LEVEL = "-O";
				VALIDATE_PRODUCT = YES;
			};
			name = Release;
		};
		8492ECB12A46E5BF00DF7E07 /* Debug */ = {
			isa = XCBuildConfiguration;
			baseConfigurationReference = 2394B3D7D17E538A1E690293 /* Pods-ChatApp.debug.xcconfig */;
			buildSettings = {
				ASSETCATALOG_COMPILER_APPICON_NAME = AppIcon;
				ASSETCATALOG_COMPILER_GLOBAL_ACCENT_COLOR_NAME = AccentColor;
				CODE_SIGN_STYLE = Automatic;
				CURRENT_PROJECT_VERSION = 1;
				GENERATE_INFOPLIST_FILE = YES;
				INFOPLIST_FILE = ChatApp/Info.plist;
				INFOPLIST_KEY_NSCameraUsageDescription = "Please allow access to access camera";
				INFOPLIST_KEY_NSPhotoLibraryAddUsageDescription = "Please allow access to select a photofor your profile";
				INFOPLIST_KEY_UIApplicationSupportsIndirectInputEvents = YES;
				INFOPLIST_KEY_UILaunchStoryboardName = LaunchScreen;
				INFOPLIST_KEY_UIMainStoryboardFile = Main;
				INFOPLIST_KEY_UISupportedInterfaceOrientations = UIInterfaceOrientationPortrait;
				INFOPLIST_KEY_UISupportedInterfaceOrientations_iPad = "UIInterfaceOrientationPortrait UIInterfaceOrientationPortraitUpsideDown UIInterfaceOrientationLandscapeLeft UIInterfaceOrientationLandscapeRight";
				INFOPLIST_KEY_UISupportedInterfaceOrientations_iPhone = "UIInterfaceOrientationPortrait UIInterfaceOrientationLandscapeLeft UIInterfaceOrientationLandscapeRight";
				LD_RUNPATH_SEARCH_PATHS = (
					"$(inherited)",
					"@executable_path/Frameworks",
				);
				MARKETING_VERSION = 1.0;
				PRODUCT_BUNDLE_IDENTIFIER = bebra.ChatApp;
				PRODUCT_NAME = "$(TARGET_NAME)";
				SWIFT_EMIT_LOC_STRINGS = YES;
				SWIFT_VERSION = 5.0;
				TARGETED_DEVICE_FAMILY = "1,2";
			};
			name = Debug;
		};
		8492ECB22A46E5BF00DF7E07 /* Release */ = {
			isa = XCBuildConfiguration;
			baseConfigurationReference = D8652260FAE692390FF69311 /* Pods-ChatApp.release.xcconfig */;
			buildSettings = {
				ASSETCATALOG_COMPILER_APPICON_NAME = AppIcon;
				ASSETCATALOG_COMPILER_GLOBAL_ACCENT_COLOR_NAME = AccentColor;
				CODE_SIGN_STYLE = Automatic;
				CURRENT_PROJECT_VERSION = 1;
				GENERATE_INFOPLIST_FILE = YES;
				INFOPLIST_FILE = ChatApp/Info.plist;
				INFOPLIST_KEY_NSCameraUsageDescription = "Please allow access to access camera";
				INFOPLIST_KEY_NSPhotoLibraryAddUsageDescription = "Please allow access to select a photofor your profile";
				INFOPLIST_KEY_UIApplicationSupportsIndirectInputEvents = YES;
				INFOPLIST_KEY_UILaunchStoryboardName = LaunchScreen;
				INFOPLIST_KEY_UIMainStoryboardFile = Main;
				INFOPLIST_KEY_UISupportedInterfaceOrientations = UIInterfaceOrientationPortrait;
				INFOPLIST_KEY_UISupportedInterfaceOrientations_iPad = "UIInterfaceOrientationPortrait UIInterfaceOrientationPortraitUpsideDown UIInterfaceOrientationLandscapeLeft UIInterfaceOrientationLandscapeRight";
				INFOPLIST_KEY_UISupportedInterfaceOrientations_iPhone = "UIInterfaceOrientationPortrait UIInterfaceOrientationLandscapeLeft UIInterfaceOrientationLandscapeRight";
				LD_RUNPATH_SEARCH_PATHS = (
					"$(inherited)",
					"@executable_path/Frameworks",
				);
				MARKETING_VERSION = 1.0;
				PRODUCT_BUNDLE_IDENTIFIER = bebra.ChatApp;
				PRODUCT_NAME = "$(TARGET_NAME)";
				SWIFT_EMIT_LOC_STRINGS = YES;
				SWIFT_VERSION = 5.0;
				TARGETED_DEVICE_FAMILY = "1,2";
			};
			name = Release;
		};
/* End XCBuildConfiguration section */

/* Begin XCConfigurationList section */
		8492EC972A46E5B700DF7E07 /* Build configuration list for PBXProject "ChatApp" */ = {
			isa = XCConfigurationList;
			buildConfigurations = (
				8492ECAE2A46E5BF00DF7E07 /* Debug */,
				8492ECAF2A46E5BF00DF7E07 /* Release */,
			);
			defaultConfigurationIsVisible = 0;
			defaultConfigurationName = Release;
		};
		8492ECB02A46E5BF00DF7E07 /* Build configuration list for PBXNativeTarget "ChatApp" */ = {
			isa = XCConfigurationList;
			buildConfigurations = (
				8492ECB12A46E5BF00DF7E07 /* Debug */,
				8492ECB22A46E5BF00DF7E07 /* Release */,
			);
			defaultConfigurationIsVisible = 0;
			defaultConfigurationName = Release;
		};
/* End XCConfigurationList section */
	};
	rootObject = 8492EC942A46E5B700DF7E07 /* Project object */;
}
